PODS:
  - YYCache (1.0.4)
  - YYModel (1.0.4)

DEPENDENCIES:
  - YYCache
  - YYModel

SPEC REPOS:
  https://github.com/CocoaPods/Specs.git:
    - YYCache
    - YYModel

SPEC CHECKSUMS:
  YYCache: 8105b6638f5e849296c71f331ff83891a4942952
  YYModel: 2a7fdd96aaa4b86a824e26d0c517de8928c04b30

PODFILE CHECKSUM: 6df4c75eb4671fd67d313b5ea63c8a5721f0c747

COCOAPODS: 1.5.0
